
Microsoft Visual Studio Solution File, Format Version 12.00
# Visual Studio Version 16
VisualStudioVersion = 16.0.30330.147
MinimumVisualStudioVersion = 10.0.40219.1
Project("{FAE04EC0-301F-11D3-BF4B-00C04F79EFBC}") = "Helpers", "Helpers\Helpers.csproj", "{391410DB-D28A-4A2F-95D0-016ECD2E5498}"
EndProject
Project("{FAE04EC0-301F-11D3-BF4B-00C04F79EFBC}") = "Test", "Test\Test.csproj", "{C5E23561-63A9-4FC0-BF2B-4D7D4735D16C}"
EndProject
Global
	GlobalSection(SolutionConfigurationPlatforms) = preSolution
		Debug|Any CPU = Debug|Any CPU
		Release|Any CPU = Release|Any CPU
	EndGlobalSection
	GlobalSection(ProjectConfigurationPlatforms) = postSolution
		{391410DB-D28A-4A2F-95D0-016ECD2E5498}.Debug|Any CPU.ActiveCfg = Debug|Any CPU
		{391410DB-D28A-4A2F-95D0-016ECD2E5498}.Debug|Any CPU.Build.0 = Debug|Any CPU
		{391410DB-D28A-4A2F-95D0-016ECD2E5498}.Release|Any CPU.ActiveCfg = Release|Any CPU
		{391410DB-D28A-4A2F-95D0-016ECD2E5498}.Release|Any CPU.Build.0 = Release|Any CPU
		{C5E23561-63A9-4FC0-BF2B-4D7D4735D16C}.Debug|Any CPU.ActiveCfg = Debug|Any CPU
		{C5E23561-63A9-4FC0-BF2B-4D7D4735D16C}.Debug|Any CPU.Build.0 = Debug|Any CPU
		{C5E23561-63A9-4FC0-BF2B-4D7D4735D16C}.Release|Any CPU.ActiveCfg = Release|Any CPU
		{C5E23561-63A9-4FC0-BF2B-4D7D4735D16C}.Release|Any CPU.Build.0 = Release|Any CPU
	EndGlobalSection
	GlobalSection(SolutionProperties) = preSolution
		HideSolutionNode = FALSE
	EndGlobalSection
	GlobalSection(ExtensibilityGlobals) = postSolution
		SolutionGuid = {11F8CCAE-3534-4E58-8405-0EDB7E162789}
	EndGlobalSection
EndGlobal
